// !$*UTF8*$!
{
	archiveVersion = 1;
	classes = {
	};
	objectVersion = 46;
	objects = {

/* Begin PBXBuildFile section */
		275950551BEE33E500FD4675 /* ChooseTemplateTableViewController.m in Sources */ = {isa = PBXBuildFile; fileRef = 275950541BEE33E500FD4675 /* ChooseTemplateTableViewController.m */; settings = {ASSET_TAGS = (); }; };
		275950591BEF0F5B00FD4675 /* ShowTemplateTableViewController.m in Sources */ = {isa = PBXBuildFile; fileRef = 275950581BEF0F5B00FD4675 /* ShowTemplateTableViewController.m */; settings = {ASSET_TAGS = (); }; };
		2759505C1BEF2A0600FD4675 /* ChecklistsTableViewController.m in Sources */ = {isa = PBXBuildFile; fileRef = 2759505B1BEF2A0600FD4675 /* ChecklistsTableViewController.m */; settings = {ASSET_TAGS = (); }; };
		275950611BEF322E00FD4675 /* ShowChecklistTableViewController.m in Sources */ = {isa = PBXBuildFile; fileRef = 275950601BEF322E00FD4675 /* ShowChecklistTableViewController.m */; settings = {ASSET_TAGS = (); }; };
		275950671BEF3BFE00FD4675 /* RSTemplate.m in Sources */ = {isa = PBXBuildFile; fileRef = 275950661BEF3BFE00FD4675 /* RSTemplate.m */; settings = {ASSET_TAGS = (); }; };
		2759506A1BEF3C3200FD4675 /* RSTemplateItem.m in Sources */ = {isa = PBXBuildFile; fileRef = 275950691BEF3C3200FD4675 /* RSTemplateItem.m */; settings = {ASSET_TAGS = (); }; };
		2759506D1BEF3DCD00FD4675 /* RSChecklist.m in Sources */ = {isa = PBXBuildFile; fileRef = 2759506C1BEF3DCD00FD4675 /* RSChecklist.m */; settings = {ASSET_TAGS = (); }; };
		275950701BEF3DE200FD4675 /* RSChecklistItem.m in Sources */ = {isa = PBXBuildFile; fileRef = 2759506F1BEF3DE200FD4675 /* RSChecklistItem.m */; settings = {ASSET_TAGS = (); }; };
		275950731BEF4B0400FD4675 /* ChecklistItemTableViewCell.m in Sources */ = {isa = PBXBuildFile; fileRef = 275950721BEF4B0400FD4675 /* ChecklistItemTableViewCell.m */; settings = {ASSET_TAGS = (); }; };
		27D8FCF51BEE092B00F17A9A /* main.m in Sources */ = {isa = PBXBuildFile; fileRef = 27D8FCF41BEE092B00F17A9A /* main.m */; };
		27D8FCF81BEE092B00F17A9A /* AppDelegate.m in Sources */ = {isa = PBXBuildFile; fileRef = 27D8FCF71BEE092B00F17A9A /* AppDelegate.m */; };
		27D8FCFB1BEE092B00F17A9A /* ViewController.m in Sources */ = {isa = PBXBuildFile; fileRef = 27D8FCFA1BEE092B00F17A9A /* ViewController.m */; };
		27D8FCFE1BEE092B00F17A9A /* Main.storyboard in Resources */ = {isa = PBXBuildFile; fileRef = 27D8FCFC1BEE092B00F17A9A /* Main.storyboard */; };
		27D8FD011BEE092B00F17A9A /* rush.xcdatamodeld in Sources */ = {isa = PBXBuildFile; fileRef = 27D8FCFF1BEE092B00F17A9A /* rush.xcdatamodeld */; };
		27D8FD031BEE092B00F17A9A /* Assets.xcassets in Resources */ = {isa = PBXBuildFile; fileRef = 27D8FD021BEE092B00F17A9A /* Assets.xcassets */; };
		27D8FD061BEE092B00F17A9A /* LaunchScreen.storyboard in Resources */ = {isa = PBXBuildFile; fileRef = 27D8FD041BEE092B00F17A9A /* LaunchScreen.storyboard */; };
		27D8FD111BEE092B00F17A9A /* rushTests.m in Sources */ = {isa = PBXBuildFile; fileRef = 27D8FD101BEE092B00F17A9A /* rushTests.m */; };
		27D8FD1C1BEE092B00F17A9A /* rushUITests.m in Sources */ = {isa = PBXBuildFile; fileRef = 27D8FD1B1BEE092B00F17A9A /* rushUITests.m */; };
		912C37B2AC36B91C55794C2B /* libPods-rush.a in Frameworks */ = {isa = PBXBuildFile; fileRef = C4648C20EB150321BC9FB888 /* libPods-rush.a */; };
/* End PBXBuildFile section */

/* Begin PBXContainerItemProxy section */
		27D8FD0D1BEE092B00F17A9A /* PBXContainerItemProxy */ = {
			isa = PBXContainerItemProxy;
			containerPortal = 27D8FCE81BEE092B00F17A9A /* Project object */;
			proxyType = 1;
			remoteGlobalIDString = 27D8FCEF1BEE092B00F17A9A;
			remoteInfo = rush;
		};
		27D8FD181BEE092B00F17A9A /* PBXContainerItemProxy */ = {
			isa = PBXContainerItemProxy;
			containerPortal = 27D8FCE81BEE092B00F17A9A /* Project object */;
			proxyType = 1;
			remoteGlobalIDString = 27D8FCEF1BEE092B00F17A9A;
			remoteInfo = rush;
		};
/* End PBXContainerItemProxy section */

/* Begin PBXFileReference section */
		163088EACBD6D9379BF7A462 /* Pods-rush.debug.xcconfig */ = {isa = PBXFileReference; includeInIndex = 1; lastKnownFileType = text.xcconfig; name = "Pods-rush.debug.xcconfig"; path = "Pods/Target Support Files/Pods-rush/Pods-rush.debug.xcconfig"; sourceTree = "<group>"; };
		275950531BEE33E500FD4675 /* ChooseTemplateTableViewController.h */ = {isa = PBXFileReference; fileEncoding = 4; lastKnownFileType = sourcecode.c.h; name = ChooseTemplateTableViewController.h; path = Controllers/ChooseTemplateTableViewController.h; sourceTree = "<group>"; };
		275950541BEE33E500FD4675 /* ChooseTemplateTableViewController.m */ = {isa = PBXFileReference; fileEncoding = 4; lastKnownFileType = sourcecode.c.objc; name = ChooseTemplateTableViewController.m; path = Controllers/ChooseTemplateTableViewController.m; sourceTree = "<group>"; };
		275950571BEF0F5B00FD4675 /* ShowTemplateTableViewController.h */ = {isa = PBXFileReference; fileEncoding = 4; lastKnownFileType = sourcecode.c.h; name = ShowTemplateTableViewController.h; path = Controllers/ShowTemplateTableViewController.h; sourceTree = "<group>"; };
		275950581BEF0F5B00FD4675 /* ShowTemplateTableViewController.m */ = {isa = PBXFileReference; fileEncoding = 4; lastKnownFileType = sourcecode.c.objc; name = ShowTemplateTableViewController.m; path = Controllers/ShowTemplateTableViewController.m; sourceTree = "<group>"; };
		2759505A1BEF2A0600FD4675 /* ChecklistsTableViewController.h */ = {isa = PBXFileReference; fileEncoding = 4; lastKnownFileType = sourcecode.c.h; name = ChecklistsTableViewController.h; path = Controllers/ChecklistsTableViewController.h; sourceTree = "<group>"; };
		2759505B1BEF2A0600FD4675 /* ChecklistsTableViewController.m */ = {isa = PBXFileReference; fileEncoding = 4; lastKnownFileType = sourcecode.c.objc; name = ChecklistsTableViewController.m; path = Controllers/ChecklistsTableViewController.m; sourceTree = "<group>"; };
		2759505D1BEF2FBD00FD4675 /* ChecklistDataSource.h */ = {isa = PBXFileReference; lastKnownFileType = sourcecode.c.h; name = ChecklistDataSource.h; path = Shared/ChecklistDataSource.h; sourceTree = "<group>"; };
		2759505F1BEF322E00FD4675 /* ShowChecklistTableViewController.h */ = {isa = PBXFileReference; fileEncoding = 4; lastKnownFileType = sourcecode.c.h; name = ShowChecklistTableViewController.h; path = Controllers/ShowChecklistTableViewController.h; sourceTree = "<group>"; };
		275950601BEF322E00FD4675 /* ShowChecklistTableViewController.m */ = {isa = PBXFileReference; fileEncoding = 4; lastKnownFileType = sourcecode.c.objc; name = ShowChecklistTableViewController.m; path = Controllers/ShowChecklistTableViewController.m; sourceTree = "<group>"; };
		275950651BEF3BFE00FD4675 /* RSTemplate.h */ = {isa = PBXFileReference; fileEncoding = 4; lastKnownFileType = sourcecode.c.h; name = RSTemplate.h; path = Models/RSTemplate.h; sourceTree = "<group>"; };
		275950661BEF3BFE00FD4675 /* RSTemplate.m */ = {isa = PBXFileReference; fileEncoding = 4; lastKnownFileType = sourcecode.c.objc; name = RSTemplate.m; path = Models/RSTemplate.m; sourceTree = "<group>"; };
		275950681BEF3C3200FD4675 /* RSTemplateItem.h */ = {isa = PBXFileReference; fileEncoding = 4; lastKnownFileType = sourcecode.c.h; name = RSTemplateItem.h; path = Models/RSTemplateItem.h; sourceTree = "<group>"; };
		275950691BEF3C3200FD4675 /* RSTemplateItem.m */ = {isa = PBXFileReference; fileEncoding = 4; lastKnownFileType = sourcecode.c.objc; name = RSTemplateItem.m; path = Models/RSTemplateItem.m; sourceTree = "<group>"; };
		2759506B1BEF3DCD00FD4675 /* RSChecklist.h */ = {isa = PBXFileReference; fileEncoding = 4; lastKnownFileType = sourcecode.c.h; name = RSChecklist.h; path = Models/RSChecklist.h; sourceTree = "<group>"; };
		2759506C1BEF3DCD00FD4675 /* RSChecklist.m */ = {isa = PBXFileReference; fileEncoding = 4; lastKnownFileType = sourcecode.c.objc; name = RSChecklist.m; path = Models/RSChecklist.m; sourceTree = "<group>"; };
		2759506E1BEF3DE200FD4675 /* RSChecklistItem.h */ = {isa = PBXFileReference; fileEncoding = 4; lastKnownFileType = sourcecode.c.h; name = RSChecklistItem.h; path = Models/RSChecklistItem.h; sourceTree = "<group>"; };
		2759506F1BEF3DE200FD4675 /* RSChecklistItem.m */ = {isa = PBXFileReference; fileEncoding = 4; lastKnownFileType = sourcecode.c.objc; name = RSChecklistItem.m; path = Models/RSChecklistItem.m; sourceTree = "<group>"; };
		275950711BEF4B0400FD4675 /* ChecklistItemTableViewCell.h */ = {isa = PBXFileReference; fileEncoding = 4; lastKnownFileType = sourcecode.c.h; name = ChecklistItemTableViewCell.h; path = Views/ChecklistItemTableViewCell.h; sourceTree = "<group>"; };
		275950721BEF4B0400FD4675 /* ChecklistItemTableViewCell.m */ = {isa = PBXFileReference; fileEncoding = 4; lastKnownFileType = sourcecode.c.objc; name = ChecklistItemTableViewCell.m; path = Views/ChecklistItemTableViewCell.m; sourceTree = "<group>"; };
		27D8FCF01BEE092B00F17A9A /* rush.app */ = {isa = PBXFileReference; explicitFileType = wrapper.application; includeInIndex = 0; path = rush.app; sourceTree = BUILT_PRODUCTS_DIR; };
		27D8FCF41BEE092B00F17A9A /* main.m */ = {isa = PBXFileReference; lastKnownFileType = sourcecode.c.objc; path = main.m; sourceTree = "<group>"; };
		27D8FCF61BEE092B00F17A9A /* AppDelegate.h */ = {isa = PBXFileReference; lastKnownFileType = sourcecode.c.h; path = AppDelegate.h; sourceTree = "<group>"; };
		27D8FCF71BEE092B00F17A9A /* AppDelegate.m */ = {isa = PBXFileReference; lastKnownFileType = sourcecode.c.objc; path = AppDelegate.m; sourceTree = "<group>"; };
		27D8FCF91BEE092B00F17A9A /* ViewController.h */ = {isa = PBXFileReference; lastKnownFileType = sourcecode.c.h; path = ViewController.h; sourceTree = "<group>"; };
		27D8FCFA1BEE092B00F17A9A /* ViewController.m */ = {isa = PBXFileReference; lastKnownFileType = sourcecode.c.objc; path = ViewController.m; sourceTree = "<group>"; };
		27D8FCFD1BEE092B00F17A9A /* Base */ = {isa = PBXFileReference; lastKnownFileType = file.storyboard; name = Base; path = Base.lproj/Main.storyboard; sourceTree = "<group>"; };
		27D8FD001BEE092B00F17A9A /* rush.xcdatamodel */ = {isa = PBXFileReference; lastKnownFileType = wrapper.xcdatamodel; path = rush.xcdatamodel; sourceTree = "<group>"; };
		27D8FD021BEE092B00F17A9A /* Assets.xcassets */ = {isa = PBXFileReference; lastKnownFileType = folder.assetcatalog; path = Assets.xcassets; sourceTree = "<group>"; };
		27D8FD051BEE092B00F17A9A /* Base */ = {isa = PBXFileReference; lastKnownFileType = file.storyboard; name = Base; path = Base.lproj/LaunchScreen.storyboard; sourceTree = "<group>"; };
		27D8FD071BEE092B00F17A9A /* Info.plist */ = {isa = PBXFileReference; lastKnownFileType = text.plist.xml; path = Info.plist; sourceTree = "<group>"; };
		27D8FD0C1BEE092B00F17A9A /* rushTests.xctest */ = {isa = PBXFileReference; explicitFileType = wrapper.cfbundle; includeInIndex = 0; path = rushTests.xctest; sourceTree = BUILT_PRODUCTS_DIR; };
		27D8FD101BEE092B00F17A9A /* rushTests.m */ = {isa = PBXFileReference; lastKnownFileType = sourcecode.c.objc; path = rushTests.m; sourceTree = "<group>"; };
		27D8FD121BEE092B00F17A9A /* Info.plist */ = {isa = PBXFileReference; lastKnownFileType = text.plist.xml; path = Info.plist; sourceTree = "<group>"; };
		27D8FD171BEE092B00F17A9A /* rushUITests.xctest */ = {isa = PBXFileReference; explicitFileType = wrapper.cfbundle; includeInIndex = 0; path = rushUITests.xctest; sourceTree = BUILT_PRODUCTS_DIR; };
		27D8FD1B1BEE092B00F17A9A /* rushUITests.m */ = {isa = PBXFileReference; lastKnownFileType = sourcecode.c.objc; path = rushUITests.m; sourceTree = "<group>"; };
		27D8FD1D1BEE092B00F17A9A /* Info.plist */ = {isa = PBXFileReference; lastKnownFileType = text.plist.xml; path = Info.plist; sourceTree = "<group>"; };
		47879C548A8BCC4F93B43CC9 /* Pods-rush.release.xcconfig */ = {isa = PBXFileReference; includeInIndex = 1; lastKnownFileType = text.xcconfig; name = "Pods-rush.release.xcconfig"; path = "Pods/Target Support Files/Pods-rush/Pods-rush.release.xcconfig"; sourceTree = "<group>"; };
		C4648C20EB150321BC9FB888 /* libPods-rush.a */ = {isa = PBXFileReference; explicitFileType = archive.ar; includeInIndex = 0; path = "libPods-rush.a"; sourceTree = BUILT_PRODUCTS_DIR; };
/* End PBXFileReference section */

/* Begin PBXFrameworksBuildPhase section */
		27D8FCED1BEE092B00F17A9A /* Frameworks */ = {
			isa = PBXFrameworksBuildPhase;
			buildActionMask = 2147483647;
			files = (
				912C37B2AC36B91C55794C2B /* libPods-rush.a in Frameworks */,
			);
			runOnlyForDeploymentPostprocessing = 0;
		};
		27D8FD091BEE092B00F17A9A /* Frameworks */ = {
			isa = PBXFrameworksBuildPhase;
			buildActionMask = 2147483647;
			files = (
			);
			runOnlyForDeploymentPostprocessing = 0;
		};
		27D8FD141BEE092B00F17A9A /* Frameworks */ = {
			isa = PBXFrameworksBuildPhase;
			buildActionMask = 2147483647;
			files = (
			);
			runOnlyForDeploymentPostprocessing = 0;
		};
/* End PBXFrameworksBuildPhase section */

/* Begin PBXGroup section */
		275950561BEE33EC00FD4675 /* Controllers */ = {
			isa = PBXGroup;
			children = (
				275950541BEE33E500FD4675 /* ChooseTemplateTableViewController.m */,
				275950531BEE33E500FD4675 /* ChooseTemplateTableViewController.h */,
				275950571BEF0F5B00FD4675 /* ShowTemplateTableViewController.h */,
				275950581BEF0F5B00FD4675 /* ShowTemplateTableViewController.m */,
				2759505A1BEF2A0600FD4675 /* ChecklistsTableViewController.h */,
				2759505B1BEF2A0600FD4675 /* ChecklistsTableViewController.m */,
				2759505F1BEF322E00FD4675 /* ShowChecklistTableViewController.h */,
				275950601BEF322E00FD4675 /* ShowChecklistTableViewController.m */,
			);
			name = Controllers;
			sourceTree = "<group>";
		};
		2759505E1BEF2FC700FD4675 /* Shared */ = {
			isa = PBXGroup;
			children = (
				2759505D1BEF2FBD00FD4675 /* ChecklistDataSource.h */,
			);
			name = Shared;
			sourceTree = "<group>";
		};
		275950641BEF3BB400FD4675 /* Models */ = {
			isa = PBXGroup;
			children = (
				275950651BEF3BFE00FD4675 /* RSTemplate.h */,
				275950661BEF3BFE00FD4675 /* RSTemplate.m */,
				275950681BEF3C3200FD4675 /* RSTemplateItem.h */,
				275950691BEF3C3200FD4675 /* RSTemplateItem.m */,
				2759506B1BEF3DCD00FD4675 /* RSChecklist.h */,
				2759506C1BEF3DCD00FD4675 /* RSChecklist.m */,
				2759506E1BEF3DE200FD4675 /* RSChecklistItem.h */,
				2759506F1BEF3DE200FD4675 /* RSChecklistItem.m */,
			);
			name = Models;
			sourceTree = "<group>";
		};
		275950741BEF4C0300FD4675 /* Views */ = {
			isa = PBXGroup;
			children = (
				275950711BEF4B0400FD4675 /* ChecklistItemTableViewCell.h */,
				275950721BEF4B0400FD4675 /* ChecklistItemTableViewCell.m */,
			);
			name = Views;
			sourceTree = "<group>";
		};
		27D8FCE71BEE092B00F17A9A = {
			isa = PBXGroup;
			children = (
				27D8FCF21BEE092B00F17A9A /* rush */,
				27D8FD0F1BEE092B00F17A9A /* rushTests */,
				27D8FD1A1BEE092B00F17A9A /* rushUITests */,
				27D8FCF11BEE092B00F17A9A /* Products */,
				C3C3CE3FC93480D240E1025C /* Pods */,
				3B18CEC03468D45284762387 /* Frameworks */,
			);
			sourceTree = "<group>";
		};
		27D8FCF11BEE092B00F17A9A /* Products */ = {
			isa = PBXGroup;
			children = (
				27D8FCF01BEE092B00F17A9A /* rush.app */,
				27D8FD0C1BEE092B00F17A9A /* rushTests.xctest */,
				27D8FD171BEE092B00F17A9A /* rushUITests.xctest */,
			);
			name = Products;
			sourceTree = "<group>";
		};
		27D8FCF21BEE092B00F17A9A /* rush */ = {
			isa = PBXGroup;
			children = (
				2759505E1BEF2FC700FD4675 /* Shared */,
				27D8FCF61BEE092B00F17A9A /* AppDelegate.h */,
				27D8FCF71BEE092B00F17A9A /* AppDelegate.m */,
				27D8FCF91BEE092B00F17A9A /* ViewController.h */,
				27D8FCFA1BEE092B00F17A9A /* ViewController.m */,
				27D8FCFC1BEE092B00F17A9A /* Main.storyboard */,
				275950641BEF3BB400FD4675 /* Models */,
				275950561BEE33EC00FD4675 /* Controllers */,
				27D8FD021BEE092B00F17A9A /* Assets.xcassets */,
				27D8FD041BEE092B00F17A9A /* LaunchScreen.storyboard */,
				27D8FD071BEE092B00F17A9A /* Info.plist */,
				27D8FCFF1BEE092B00F17A9A /* rush.xcdatamodeld */,
				27D8FCF31BEE092B00F17A9A /* Supporting Files */,
				275950741BEF4C0300FD4675 /* Views */,
			);
			path = rush;
			sourceTree = "<group>";
		};
		27D8FCF31BEE092B00F17A9A /* Supporting Files */ = {
			isa = PBXGroup;
			children = (
				27D8FCF41BEE092B00F17A9A /* main.m */,
			);
			name = "Supporting Files";
			sourceTree = "<group>";
		};
		27D8FD0F1BEE092B00F17A9A /* rushTests */ = {
			isa = PBXGroup;
			children = (
				27D8FD101BEE092B00F17A9A /* rushTests.m */,
				27D8FD121BEE092B00F17A9A /* Info.plist */,
			);
			path = rushTests;
			sourceTree = "<group>";
		};
		27D8FD1A1BEE092B00F17A9A /* rushUITests */ = {
			isa = PBXGroup;
			children = (
				27D8FD1B1BEE092B00F17A9A /* rushUITests.m */,
				27D8FD1D1BEE092B00F17A9A /* Info.plist */,
			);
			path = rushUITests;
			sourceTree = "<group>";
		};
		3B18CEC03468D45284762387 /* Frameworks */ = {
			isa = PBXGroup;
			children = (
				C4648C20EB150321BC9FB888 /* libPods-rush.a */,
			);
			name = Frameworks;
			sourceTree = "<group>";
		};
		C3C3CE3FC93480D240E1025C /* Pods */ = {
			isa = PBXGroup;
			children = (
				163088EACBD6D9379BF7A462 /* Pods-rush.debug.xcconfig */,
				47879C548A8BCC4F93B43CC9 /* Pods-rush.release.xcconfig */,
			);
			name = Pods;
			sourceTree = "<group>";
		};
/* End PBXGroup section */

/* Begin PBXNativeTarget section */
		27D8FCEF1BEE092B00F17A9A /* rush */ = {
			isa = PBXNativeTarget;
			buildConfigurationList = 27D8FD201BEE092B00F17A9A /* Build configuration list for PBXNativeTarget "rush" */;
			buildPhases = (
				F2647AC9A7D3BD898A034ED8 /* Check Pods Manifest.lock */,
				27D8FCEC1BEE092B00F17A9A /* Sources */,
				27D8FCED1BEE092B00F17A9A /* Frameworks */,
				27D8FCEE1BEE092B00F17A9A /* Resources */,
				58FAA9E20350F7B2CD51C970 /* Embed Pods Frameworks */,
				C01DCC03355963A5E31D83D8 /* Copy Pods Resources */,
			);
			buildRules = (
			);
			dependencies = (
			);
			name = rush;
			productName = rush;
			productReference = 27D8FCF01BEE092B00F17A9A /* rush.app */;
			productType = "com.apple.product-type.application";
		};
		27D8FD0B1BEE092B00F17A9A /* rushTests */ = {
			isa = PBXNativeTarget;
			buildConfigurationList = 27D8FD231BEE092B00F17A9A /* Build configuration list for PBXNativeTarget "rushTests" */;
			buildPhases = (
				27D8FD081BEE092B00F17A9A /* Sources */,
				27D8FD091BEE092B00F17A9A /* Frameworks */,
				27D8FD0A1BEE092B00F17A9A /* Resources */,
			);
			buildRules = (
			);
			dependencies = (
				27D8FD0E1BEE092B00F17A9A /* PBXTargetDependency */,
			);
			name = rushTests;
			productName = rushTests;
			productReference = 27D8FD0C1BEE092B00F17A9A /* rushTests.xctest */;
			productType = "com.apple.product-type.bundle.unit-test";
		};
		27D8FD161BEE092B00F17A9A /* rushUITests */ = {
			isa = PBXNativeTarget;
			buildConfigurationList = 27D8FD261BEE092B00F17A9A /* Build configuration list for PBXNativeTarget "rushUITests" */;
			buildPhases = (
				27D8FD131BEE092B00F17A9A /* Sources */,
				27D8FD141BEE092B00F17A9A /* Frameworks */,
				27D8FD151BEE092B00F17A9A /* Resources */,
			);
			buildRules = (
			);
			dependencies = (
				27D8FD191BEE092B00F17A9A /* PBXTargetDependency */,
			);
			name = rushUITests;
			productName = rushUITests;
			productReference = 27D8FD171BEE092B00F17A9A /* rushUITests.xctest */;
			productType = "com.apple.product-type.bundle.ui-testing";
		};
/* End PBXNativeTarget section */

/* Begin PBXProject section */
		27D8FCE81BEE092B00F17A9A /* Project object */ = {
			isa = PBXProject;
			attributes = {
				LastUpgradeCheck = 0700;
				ORGANIZATIONNAME = Next;
				TargetAttributes = {
					27D8FCEF1BEE092B00F17A9A = {
						CreatedOnToolsVersion = 7.0.1;
						DevelopmentTeam = GDAXAQ2LJU;
					};
					27D8FD0B1BEE092B00F17A9A = {
						CreatedOnToolsVersion = 7.0.1;
						DevelopmentTeam = GDAXAQ2LJU;
						TestTargetID = 27D8FCEF1BEE092B00F17A9A;
					};
					27D8FD161BEE092B00F17A9A = {
						CreatedOnToolsVersion = 7.0.1;
						DevelopmentTeam = GDAXAQ2LJU;
						TestTargetID = 27D8FCEF1BEE092B00F17A9A;
					};
				};
			};
			buildConfigurationList = 27D8FCEB1BEE092B00F17A9A /* Build configuration list for PBXProject "rush" */;
			compatibilityVersion = "Xcode 3.2";
			developmentRegion = English;
			hasScannedForEncodings = 0;
			knownRegions = (
				en,
				Base,
			);
			mainGroup = 27D8FCE71BEE092B00F17A9A;
			productRefGroup = 27D8FCF11BEE092B00F17A9A /* Products */;
			projectDirPath = "";
			projectRoot = "";
			targets = (
				27D8FCEF1BEE092B00F17A9A /* rush */,
				27D8FD0B1BEE092B00F17A9A /* rushTests */,
				27D8FD161BEE092B00F17A9A /* rushUITests */,
			);
		};
/* End PBXProject section */

/* Begin PBXResourcesBuildPhase section */
		27D8FCEE1BEE092B00F17A9A /* Resources */ = {
			isa = PBXResourcesBuildPhase;
			buildActionMask = 2147483647;
			files = (
				27D8FD061BEE092B00F17A9A /* LaunchScreen.storyboard in Resources */,
				27D8FD031BEE092B00F17A9A /* Assets.xcassets in Resources */,
				27D8FCFE1BEE092B00F17A9A /* Main.storyboard in Resources */,
			);
			runOnlyForDeploymentPostprocessing = 0;
		};
		27D8FD0A1BEE092B00F17A9A /* Resources */ = {
			isa = PBXResourcesBuildPhase;
			buildActionMask = 2147483647;
			files = (
			);
			runOnlyForDeploymentPostprocessing = 0;
		};
		27D8FD151BEE092B00F17A9A /* Resources */ = {
			isa = PBXResourcesBuildPhase;
			buildActionMask = 2147483647;
			files = (
			);
			runOnlyForDeploymentPostprocessing = 0;
		};
/* End PBXResourcesBuildPhase section */

/* Begin PBXShellScriptBuildPhase section */
		58FAA9E20350F7B2CD51C970 /* Embed Pods Frameworks */ = {
			isa = PBXShellScriptBuildPhase;
			buildActionMask = 2147483647;
			files = (
			);
			inputPaths = (
			);
			name = "Embed Pods Frameworks";
			outputPaths = (
			);
			runOnlyForDeploymentPostprocessing = 0;
			shellPath = /bin/sh;
			shellScript = "\"${SRCROOT}/Pods/Target Support Files/Pods-rush/Pods-rush-frameworks.sh\"\n";
			showEnvVarsInLog = 0;
		};
		C01DCC03355963A5E31D83D8 /* Copy Pods Resources */ = {
			isa = PBXShellScriptBuildPhase;
			buildActionMask = 2147483647;
			files = (
			);
			inputPaths = (
			);
			name = "Copy Pods Resources";
			outputPaths = (
			);
			runOnlyForDeploymentPostprocessing = 0;
			shellPath = /bin/sh;
			shellScript = "\"${SRCROOT}/Pods/Target Support Files/Pods-rush/Pods-rush-resources.sh\"\n";
			showEnvVarsInLog = 0;
		};
		F2647AC9A7D3BD898A034ED8 /* Check Pods Manifest.lock */ = {
			isa = PBXShellScriptBuildPhase;
			buildActionMask = 2147483647;
			files = (
			);
			inputPaths = (
			);
			name = "Check Pods Manifest.lock";
			outputPaths = (
			);
			runOnlyForDeploymentPostprocessing = 0;
			shellPath = /bin/sh;
			shellScript = "diff \"${PODS_ROOT}/../Podfile.lock\" \"${PODS_ROOT}/Manifest.lock\" > /dev/null\nif [[ $? != 0 ]] ; then\n    cat << EOM\nerror: The sandbox is not in sync with the Podfile.lock. Run 'pod install' or update your CocoaPods installation.\nEOM\n    exit 1\nfi\n";
			showEnvVarsInLog = 0;
		};
/* End PBXShellScriptBuildPhase section */

/* Begin PBXSourcesBuildPhase section */
		27D8FCEC1BEE092B00F17A9A /* Sources */ = {
			isa = PBXSourcesBuildPhase;
			buildActionMask = 2147483647;
			files = (
				27D8FCFB1BEE092B00F17A9A /* ViewController.m in Sources */,
				27D8FCF81BEE092B00F17A9A /* AppDelegate.m in Sources */,
				27D8FCF51BEE092B00F17A9A /* main.m in Sources */,
				275950611BEF322E00FD4675 /* ShowChecklistTableViewController.m in Sources */,
				275950551BEE33E500FD4675 /* ChooseTemplateTableViewController.m in Sources */,
				275950591BEF0F5B00FD4675 /* ShowTemplateTableViewController.m in Sources */,
				27D8FD011BEE092B00F17A9A /* rush.xcdatamodeld in Sources */,
				275950731BEF4B0400FD4675 /* ChecklistItemTableViewCell.m in Sources */,
				2759506A1BEF3C3200FD4675 /* RSTemplateItem.m in Sources */,
				2759506D1BEF3DCD00FD4675 /* RSChecklist.m in Sources */,
				2759505C1BEF2A0600FD4675 /* ChecklistsTableViewController.m in Sources */,
				275950701BEF3DE200FD4675 /* RSChecklistItem.m in Sources */,
				275950671BEF3BFE00FD4675 /* RSTemplate.m in Sources */,
			);
			runOnlyForDeploymentPostprocessing = 0;
		};
		27D8FD081BEE092B00F17A9A /* Sources */ = {
			isa = PBXSourcesBuildPhase;
			buildActionMask = 2147483647;
			files = (
				27D8FD111BEE092B00F17A9A /* rushTests.m in Sources */,
			);
			runOnlyForDeploymentPostprocessing = 0;
		};
		27D8FD131BEE092B00F17A9A /* Sources */ = {
			isa = PBXSourcesBuildPhase;
			buildActionMask = 2147483647;
			files = (
				27D8FD1C1BEE092B00F17A9A /* rushUITests.m in Sources */,
			);
			runOnlyForDeploymentPostprocessing = 0;
		};
/* End PBXSourcesBuildPhase section */

/* Begin PBXTargetDependency section */
		27D8FD0E1BEE092B00F17A9A /* PBXTargetDependency */ = {
			isa = PBXTargetDependency;
			target = 27D8FCEF1BEE092B00F17A9A /* rush */;
			targetProxy = 27D8FD0D1BEE092B00F17A9A /* PBXContainerItemProxy */;
		};
		27D8FD191BEE092B00F17A9A /* PBXTargetDependency */ = {
			isa = PBXTargetDependency;
			target = 27D8FCEF1BEE092B00F17A9A /* rush */;
			targetProxy = 27D8FD181BEE092B00F17A9A /* PBXContainerItemProxy */;
		};
/* End PBXTargetDependency section */

/* Begin PBXVariantGroup section */
		27D8FCFC1BEE092B00F17A9A /* Main.storyboard */ = {
			isa = PBXVariantGroup;
			children = (
				27D8FCFD1BEE092B00F17A9A /* Base */,
			);
			name = Main.storyboard;
			sourceTree = "<group>";
		};
		27D8FD041BEE092B00F17A9A /* LaunchScreen.storyboard */ = {
			isa = PBXVariantGroup;
			children = (
				27D8FD051BEE092B00F17A9A /* Base */,
			);
			name = LaunchScreen.storyboard;
			sourceTree = "<group>";
		};
/* End PBXVariantGroup section */

/* Begin XCBuildConfiguration section */
		27D8FD1E1BEE092B00F17A9A /* Debug */ = {
			isa = XCBuildConfiguration;
			buildSettings = {
				ALWAYS_SEARCH_USER_PATHS = NO;
				CLANG_CXX_LANGUAGE_STANDARD = "gnu++0x";
				CLANG_CXX_LIBRARY = "libc++";
				CLANG_ENABLE_MODULES = YES;
				CLANG_ENABLE_OBJC_ARC = YES;
				CLANG_WARN_BOOL_CONVERSION = YES;
				CLANG_WARN_CONSTANT_CONVERSION = YES;
				CLANG_WARN_DIRECT_OBJC_ISA_USAGE = YES_ERROR;
				CLANG_WARN_EMPTY_BODY = YES;
				CLANG_WARN_ENUM_CONVERSION = YES;
				CLANG_WARN_INT_CONVERSION = YES;
				CLANG_WARN_OBJC_ROOT_CLASS = YES_ERROR;
				CLANG_WARN_UNREACHABLE_CODE = YES;
				CLANG_WARN__DUPLICATE_METHOD_MATCH = YES;
				"CODE_SIGN_IDENTITY[sdk=iphoneos*]" = "iPhone Developer";
				COPY_PHASE_STRIP = NO;
				DEBUG_INFORMATION_FORMAT = dwarf;
				ENABLE_STRICT_OBJC_MSGSEND = YES;
				ENABLE_TESTABILITY = YES;
				GCC_C_LANGUAGE_STANDARD = gnu99;
				GCC_DYNAMIC_NO_PIC = NO;
				GCC_NO_COMMON_BLOCKS = YES;
				GCC_OPTIMIZATION_LEVEL = 0;
				GCC_PREPROCESSOR_DEFINITIONS = (
					"DEBUG=1",
					"$(inherited)",
				);
				GCC_WARN_64_TO_32_BIT_CONVERSION = YES;
				GCC_WARN_ABOUT_RETURN_TYPE = YES_ERROR;
				GCC_WARN_UNDECLARED_SELECTOR = YES;
				GCC_WARN_UNINITIALIZED_AUTOS = YES_AGGRESSIVE;
				GCC_WARN_UNUSED_FUNCTION = YES;
				GCC_WARN_UNUSED_VARIABLE = YES;
				IPHONEOS_DEPLOYMENT_TARGET = 9.0;
				MTL_ENABLE_DEBUG_INFO = YES;
				ONLY_ACTIVE_ARCH = YES;
				SDKROOT = iphoneos;
			};
			name = Debug;
		};
		27D8FD1F1BEE092B00F17A9A /* Release */ = {
			isa = XCBuildConfiguration;
			buildSettings = {
				ALWAYS_SEARCH_USER_PATHS = NO;
				CLANG_CXX_LANGUAGE_STANDARD = "gnu++0x";
				CLANG_CXX_LIBRARY = "libc++";
				CLANG_ENABLE_MODULES = YES;
				CLANG_ENABLE_OBJC_ARC = YES;
				CLANG_WARN_BOOL_CONVERSION = YES;
				CLANG_WARN_CONSTANT_CONVERSION = YES;
				CLANG_WARN_DIRECT_OBJC_ISA_USAGE = YES_ERROR;
				CLANG_WARN_EMPTY_BODY = YES;
				CLANG_WARN_ENUM_CONVERSION = YES;
				CLANG_WARN_INT_CONVERSION = YES;
				CLANG_WARN_OBJC_ROOT_CLASS = YES_ERROR;
				CLANG_WARN_UNREACHABLE_CODE = YES;
				CLANG_WARN__DUPLICATE_METHOD_MATCH = YES;
				"CODE_SIGN_IDENTITY[sdk=iphoneos*]" = "iPhone Developer";
				COPY_PHASE_STRIP = NO;
				DEBUG_INFORMATION_FORMAT = "dwarf-with-dsym";
				ENABLE_NS_ASSERTIONS = NO;
				ENABLE_STRICT_OBJC_MSGSEND = YES;
				GCC_C_LANGUAGE_STANDARD = gnu99;
				GCC_NO_COMMON_BLOCKS = YES;
				GCC_WARN_64_TO_32_BIT_CONVERSION = YES;
				GCC_WARN_ABOUT_RETURN_TYPE = YES_ERROR;
				GCC_WARN_UNDECLARED_SELECTOR = YES;
				GCC_WARN_UNINITIALIZED_AUTOS = YES_AGGRESSIVE;
				GCC_WARN_UNUSED_FUNCTION = YES;
				GCC_WARN_UNUSED_VARIABLE = YES;
				IPHONEOS_DEPLOYMENT_TARGET = 9.0;
				MTL_ENABLE_DEBUG_INFO = NO;
				SDKROOT = iphoneos;
				VALIDATE_PRODUCT = YES;
			};
			name = Release;
		};
		27D8FD211BEE092B00F17A9A /* Debug */ = {
			isa = XCBuildConfiguration;
			baseConfigurationReference = 163088EACBD6D9379BF7A462 /* Pods-rush.debug.xcconfig */;
			buildSettings = {
				ASSETCATALOG_COMPILER_APPICON_NAME = AppIcon;
				INFOPLIST_FILE = rush/Info.plist;
				LD_RUNPATH_SEARCH_PATHS = "$(inherited) @executable_path/Frameworks";
				PRODUCT_BUNDLE_IDENTIFIER = com.nextcloudmedia.apps.rush;
				PRODUCT_NAME = "$(TARGET_NAME)";
			};
			name = Debug;
		};
		27D8FD221BEE092B00F17A9A /* Release */ = {
			isa = XCBuildConfiguration;
			baseConfigurationReference = 47879C548A8BCC4F93B43CC9 /* Pods-rush.release.xcconfig */;
			buildSettings = {
				ASSETCATALOG_COMPILER_APPICON_NAME = AppIcon;
				INFOPLIST_FILE = rush/Info.plist;
				LD_RUNPATH_SEARCH_PATHS = "$(inherited) @executable_path/Frameworks";
				PRODUCT_BUNDLE_IDENTIFIER = com.nextcloudmedia.apps.rush;
				PRODUCT_NAME = "$(TARGET_NAME)";
			};
			name = Release;
		};
		27D8FD241BEE092B00F17A9A /* Debug */ = {
			isa = XCBuildConfiguration;
			buildSettings = {
				BUNDLE_LOADER = "$(TEST_HOST)";
				INFOPLIST_FILE = rushTests/Info.plist;
				LD_RUNPATH_SEARCH_PATHS = "$(inherited) @executable_path/Frameworks @loader_path/Frameworks";
				PRODUCT_BUNDLE_IDENTIFIER = com.nextcloudmedia.apps.rushTests;
				PRODUCT_NAME = "$(TARGET_NAME)";
				TEST_HOST = "$(BUILT_PRODUCTS_DIR)/rush.app/rush";
			};
			name = Debug;
		};
		27D8FD251BEE092B00F17A9A /* Release */ = {
			isa = XCBuildConfiguration;
			buildSettings = {
				BUNDLE_LOADER = "$(TEST_HOST)";
				INFOPLIST_FILE = rushTests/Info.plist;
				LD_RUNPATH_SEARCH_PATHS = "$(inherited) @executable_path/Frameworks @loader_path/Frameworks";
				PRODUCT_BUNDLE_IDENTIFIER = com.nextcloudmedia.apps.rushTests;
				PRODUCT_NAME = "$(TARGET_NAME)";
				TEST_HOST = "$(BUILT_PRODUCTS_DIR)/rush.app/rush";
			};
			name = Release;
		};
		27D8FD271BEE092B00F17A9A /* Debug */ = {
			isa = XCBuildConfiguration;
			buildSettings = {
				INFOPLIST_FILE = rushUITests/Info.plist;
				LD_RUNPATH_SEARCH_PATHS = "$(inherited) @executable_path/Frameworks @loader_path/Frameworks";
				PRODUCT_BUNDLE_IDENTIFIER = com.nextcloudmedia.apps.rushUITests;
				PRODUCT_NAME = "$(TARGET_NAME)";
				TEST_TARGET_NAME = rush;
				USES_XCTRUNNER = YES;
			};
			name = Debug;
		};
		27D8FD281BEE092B00F17A9A /* Release */ = {
			isa = XCBuildConfiguration;
			buildSettings = {
				INFOPLIST_FILE = rushUITests/Info.plist;
				LD_RUNPATH_SEARCH_PATHS = "$(inherited) @executable_path/Frameworks @loader_path/Frameworks";
				PRODUCT_BUNDLE_IDENTIFIER = com.nextcloudmedia.apps.rushUITests;
				PRODUCT_NAME = "$(TARGET_NAME)";
				TEST_TARGET_NAME = rush;
				USES_XCTRUNNER = YES;
			};
			name = Release;
		};
/* End XCBuildConfiguration section */

/* Begin XCConfigurationList section */
		27D8FCEB1BEE092B00F17A9A /* Build configuration list for PBXProject "rush" */ = {
			isa = XCConfigurationList;
			buildConfigurations = (
				27D8FD1E1BEE092B00F17A9A /* Debug */,
				27D8FD1F1BEE092B00F17A9A /* Release */,
			);
			defaultConfigurationIsVisible = 0;
			defaultConfigurationName = Release;
		};
		27D8FD201BEE092B00F17A9A /* Build configuration list for PBXNativeTarget "rush" */ = {
			isa = XCConfigurationList;
			buildConfigurations = (
				27D8FD211BEE092B00F17A9A /* Debug */,
				27D8FD221BEE092B00F17A9A /* Release */,
			);
			defaultConfigurationIsVisible = 0;
			defaultConfigurationName = Release;
		};
		27D8FD231BEE092B00F17A9A /* Build configuration list for PBXNativeTarget "rushTests" */ = {
			isa = XCConfigurationList;
			buildConfigurations = (
				27D8FD241BEE092B00F17A9A /* Debug */,
				27D8FD251BEE092B00F17A9A /* Release */,
			);
			defaultConfigurationIsVisible = 0;
			defaultConfigurationName = Release;
		};
		27D8FD261BEE092B00F17A9A /* Build configuration list for PBXNativeTarget "rushUITests" */ = {
			isa = XCConfigurationList;
			buildConfigurations = (
				27D8FD271BEE092B00F17A9A /* Debug */,
				27D8FD281BEE092B00F17A9A /* Release */,
			);
			defaultConfigurationIsVisible = 0;
			defaultConfigurationName = Release;
		};
/* End XCConfigurationList section */

/* Begin XCVersionGroup section */
		27D8FCFF1BEE092B00F17A9A /* rush.xcdatamodeld */ = {
			isa = XCVersionGroup;
			children = (
				27D8FD001BEE092B00F17A9A /* rush.xcdatamodel */,
			);
			currentVersion = 27D8FD001BEE092B00F17A9A /* rush.xcdatamodel */;
			path = rush.xcdatamodeld;
			sourceTree = "<group>";
			versionGroupType = wrapper.xcdatamodel;
		};
/* End XCVersionGroup section */
	};
	rootObject = 27D8FCE81BEE092B00F17A9A /* Project object */;
}
